github.com/davecgh/go-spew v1.1.0 h1:ZDRjVQ15GmhC3fiQ8ni8+OwkZQO4DARzQgrnXU1Liz8=
github.com/davecgh/go-spew v1.1.0/go.mod h1:J7Y8YcW2NihsgmVo/mv3lAwl/skON4iLHjSsI+c5H38=
github.com/mattn/go-isatty v0.0.12 h1:wuysRhFDzyxgEmMf5xjvJ2M9dZoWAXNNr5LSBS7uHXY=
github.com/mattn/go-isatty v0.0.12/go.mod h1:cbi8OIDigv2wuxKPP5vlRcQ1OAZbq2CE4Kysco4FUpU=
github.com/mattn/go-sqlite3 v1.10.0 h1:jbhqpg7tQe4SupckyijYiy0mJJ/pRyHvXf7JdWK860o=
github.com/mattn/go-sqlite3 v1.10.0/go.mod h1:FPy6KqzDD04eiIsT53CuJW3U88zkxoIYsOqkbpncsNc=
github.com/pmezard/go-difflib v1.0.0 h1:4DBwDE0NGyQoBHbLQYPwSUPoCMWR5BEzIk/f1lZbAQM=
github.com/pmezard/go-difflib v1.0.0/go.mod h1:iKH77koFhYxTK1pcRnkKkqfTogsbg7gZNVY4sRDYZ/4=
github.com/remyoudompheng/bigfft v0.0.0-20170806203942-52369c62f446/go.mod h1:uYEyJGbgTkfkS4+E/PavXkNJcbFIpEtjt2B0KDQ5+9M=
github.com/remyoudompheng/bigfft v0.0.0-20200410134404-eec4a21b6bb0/go.mod h1:qqbHyh8v60DhA7CoWK5oRCqLrMHRGoxYCSS9EjAz6Eo=
github.com/stretchr/objx v0.1.0 h1:4G4v2dO3VZwixGIRoQ5Lfboy6nUhCyYzaqnIAPPhYs4=
github.com/stretchr/objx v0.1.0/go.mod h1:HFkY916IF+rwdDfMAkV7OtwuqBVzrE8GR6GFx+wExME=
github.com/stretchr/testify v1.6.1 h1:hDPOHmpOpP40lSULcqw7IrRb/u7w6RpDC9399XyoNd0=
github.com/stretchr/testify v1.6.1/go.mod h1:6Fq8oRcR53rry900zMqJjRRixrwX3KX962/h/Wwjteg=
github.com/tenntenn/sqlite v1.0.2 h1:b7IRA375Ypp80KCkmnhuZdqMI7OFFwjLSU0Q928nc04=
github.com/tenntenn/sqlite v1.0.2/go.mod h1:7MSQ3P3Gefd3Tcj/NSQsisdVcxfciQ7wGU3a+mdvFcQ=
golang.org/x/net v0.0.0-20181201002055-351d144fa1fc/go.mod h1:mL1N/T3taQHkDXs73rZJwtUhF3w3ftmwwsq0BUmARs4=
golang.org/x/sys v0.0.0-20200116001909-b77594299b42/go.mod h1:h1NjWce9XRLGQEsW7wpKNCjG9DtNlClVuFLEZdDNbEs=
golang.org/x/sys v0.0.0-20200826173525-f9321e4c35a6/go.mod h1:h1NjWce9XRLGQEsW7wpKNCjG9DtNlClVuFLEZdDNbEs=
gopkg.in/check.v1 v0.0.0-20161208181325-20d25e280405/go.mod h1:Co6ibVJAznAaIkqp8huTwlJQCZ016jof/cbN4VW5Yz0=
gopkg.in/yaml.v3 v3.0.0-20200313102051-9f266ea9e77c h1:dUUwHk2QECo/6vqA44rthZ8ie2QXMNeKRTHCNY2nXvo=
gopkg.in/yaml.v3 v3.0.0-20200313102051-9f266ea9e77c/go.mod h1:K4uyk7z7BCEPqu6E+C64Yfv1cQ7kz7rIZviUmN+EgEM=
honnef.co/go/netdb v0.0.0-20150201073656-a416d700ae39/go.mod h1:rbNo0ST5hSazCG4rGfpHrwnwvzP1QX62WbhzD+ghGzs=
modernc.org/ccgo v1.0.0/go.mod h1:dDlyT3H3RutzvIEbd/GY5lg8AVoEKVkR0a4OYjV1A74=
modernc.org/ccir v1.0.0/go.mod h1:U3yOB9KfPrYtLPFWiELNPrwE7GsBs/GR/vC77J8yQYU=
modernc.org/httpfs v1.0.0/go.mod h1:BSkfoMUcahSijQD5J/Vu4UMOxzmEf5SNRwyXC4PJBEw=
modernc.org/internal v1.0.0/go.mod h1:VUD/+JAkhCpvkUitlEOnhpVxCgsBI90oTzSCRcqQVSM=
modernc.org/libc v1.3.0 h1:QDzrcLTipZqFjG6D3qJuLic8xBUDMrOOo4RzF6z54D0=
modernc.org/libc v1.3.0/go.mod h1:f8sp9GAfEyGYh3lsRIKtBh/XwACdFvGznxm6GJmQvXk=
modernc.org/mathutil v1.0.0/go.mod h1:wU0vUrJsVWBZ4P6e7xtFJEhFSNsfRLJ8H458uRjg03k=
modernc.org/mathutil v1.1.1/go.mod h1:mZW8CKdRPY1v87qxC/wUdX5O1qDzXMP5TH3wjfpga6E=
modernc.org/memory v1.0.0/go.mod h1:TXr4iJDvK3g0hW+sV+Kohu7BoeHfqw7QEFZWkBExdZc=
modernc.org/memory v1.0.1 h1:bhVo78NAdgvRD4N+b2hGnAwL5RP2+QyiEJDsX3jpeDA=
modernc.org/memory v1.0.1/go.mod h1:NSjvC08+g3MLOpcAxQbdctcThAEX4YlJ20WWHYEhvRg=
modernc.org/sqlite v1.0.0/go.mod h1:ld6H6WphfrVPcJaH5tGDD3LE5KSD2JT6d8/7tKYiKFc=
modernc.org/sqlite v1.7.1 h1:0zKT3mtnTlE6RfIbuD2SGbWPNRXu2I7OPU7qT6DEZgs=
modernc.org/sqlite v1.7.1/go.mod h1:yW/ZDG4S1LqM7uXFqOR5/hTa0A5Y1FOgRGP0v2hVYYg=
modernc.org/tcl v1.4.0/go.mod h1:dEwJsUYh2dOuBmEJWp8uVWBRhJ+qZp7B5ABAPzYpsuk=
